
Microsoft Visual Studio Solution File, Format Version 12.00
# Visual Studio 15
Project("{FAE04EC0-301F-11D3-BF4B-00C04F79EFBC}") = "Stack.Air.Server", "Stack.Air.Server\Stack.Air.Server.csproj", "{89DD4C9E-A3D2-4C3E-81B0-4CCE6BF7AC3A}"
EndProject
Project("{2150E333-8FDC-42A3-9474-1A3956D46DE8}") = "Solution Items", "Solution Items", "{0EF76C81-0B18-4138-AFD3-0ABBB9564C0E}"
	ProjectSection(SolutionItems) = preProject
		Dockerfile = Dockerfile
		nuget.config = nuget.config
	EndProjectSection
EndProject
Global
	GlobalSection(SolutionConfigurationPlatforms) = preSolution
		Debug|Any CPU = Debug|Any CPU
		Release|Any CPU = Release|Any CPU
	EndGlobalSection
	GlobalSection(ProjectConfigurationPlatforms) = postSolution
		{89DD4C9E-A3D2-4C3E-81B0-4CCE6BF7AC3A}.Debug|Any CPU.ActiveCfg = Debug|Any CPU
		{89DD4C9E-A3D2-4C3E-81B0-4CCE6BF7AC3A}.Debug|Any CPU.Build.0 = Debug|Any CPU
		{89DD4C9E-A3D2-4C3E-81B0-4CCE6BF7AC3A}.Release|Any CPU.ActiveCfg = Release|Any CPU
		{89DD4C9E-A3D2-4C3E-81B0-4CCE6BF7AC3A}.Release|Any CPU.Build.0 = Release|Any CPU
	EndGlobalSection
EndGlobal
